
Microsoft Visual Studio Solution File, Format Version 12.00
# Visual Studio 15
Project("{FAE04EC0-301F-11D3-BF4B-00C04F79EFBC}") = "rateiapp.Android", "rateiapp.Android\rateiapp.Android.csproj", "{D18C5304-FB2B-461F-A430-A57D2C870094}"
EndProject
Project("{FAE04EC0-301F-11D3-BF4B-00C04F79EFBC}") = "rateiapp", "rateiapp\rateiapp.csproj", "{7582942D-A5CB-4909-92BC-A06A63BF3C0B}"
EndProject
Global
	GlobalSection(SolutionConfigurationPlatforms) = preSolution
		Debug|Any CPU = Debug|Any CPU
		Release|Any CPU = Release|Any CPU
	EndGlobalSection
	GlobalSection(ProjectConfigurationPlatforms) = postSolution
		{D18C5304-FB2B-461F-A430-A57D2C870094}.Debug|Any CPU.ActiveCfg = Debug|Any CPU
		{D18C5304-FB2B-461F-A430-A57D2C870094}.Debug|Any CPU.Build.0 = Debug|Any CPU
		{D18C5304-FB2B-461F-A430-A57D2C870094}.Release|Any CPU.ActiveCfg = Release|Any CPU
		{D18C5304-FB2B-461F-A430-A57D2C870094}.Release|Any CPU.Build.0 = Release|Any CPU
		{7582942D-A5CB-4909-92BC-A06A63BF3C0B}.Debug|Any CPU.ActiveCfg = Debug|Any CPU
		{7582942D-A5CB-4909-92BC-A06A63BF3C0B}.Debug|Any CPU.Build.0 = Debug|Any CPU
		{7582942D-A5CB-4909-92BC-A06A63BF3C0B}.Release|Any CPU.ActiveCfg = Release|Any CPU
		{7582942D-A5CB-4909-92BC-A06A63BF3C0B}.Release|Any CPU.Build.0 = Release|Any CPU
	EndGlobalSection
EndGlobal
